
Microsoft Visual Studio Solution File, Format Version 12.00
# Visual Studio Version 17
VisualStudioVersion = 17.5.33530.505
MinimumVisualStudioVersion = 10.0.40219.1
Project("{9A19103F-16F7-4668-BE54-9A1E7A4F7556}") = "SjoaChallenge", "SjoaChallenge.csproj", "{065A470C-7330-44F9-833F-0F1AE9E84529}"
EndProject
Global
	GlobalSection(SolutionConfigurationPlatforms) = preSolution
		Debug|Any CPU = Debug|Any CPU
		Release|Any CPU = Release|Any CPU
	EndGlobalSection
	GlobalSection(ProjectConfigurationPlatforms) = postSolution
		{065A470C-7330-44F9-833F-0F1AE9E84529}.Debug|Any CPU.ActiveCfg = Debug|Any CPU
		{065A470C-7330-44F9-833F-0F1AE9E84529}.Debug|Any CPU.Build.0 = Debug|Any CPU
		{065A470C-7330-44F9-833F-0F1AE9E84529}.Release|Any CPU.ActiveCfg = Release|Any CPU
		{065A470C-7330-44F9-833F-0F1AE9E84529}.Release|Any CPU.Build.0 = Release|Any CPU
	EndGlobalSection
	GlobalSection(SolutionProperties) = preSolution
		HideSolutionNode = FALSE
	EndGlobalSection
	GlobalSection(ExtensibilityGlobals) = postSolution
		SolutionGuid = {A46B8C5A-A865-4433-BC9F-D76B66F87E95}
	EndGlobalSection
EndGlobal
