
Microsoft Visual Studio Solution File, Format Version 12.00
# Visual Studio Version 17
VisualStudioVersion = 17.5.33530.505
MinimumVisualStudioVersion = 10.0.40219.1
Project("{9A19103F-16F7-4668-BE54-9A1E7A4F7556}") = "SjoaChallenge", "SjoaChallenge\SjoaChallenge.csproj", "{5A159C2E-430E-42A1-84C8-992BD3E3CD06}"
EndProject
Project("{9A19103F-16F7-4668-BE54-9A1E7A4F7556}") = "SjoaChallenge.Tests", "SjoaChallenge.Tests\SjoaChallenge.Tests.csproj", "{A04EFB61-A5E6-4E55-B7E8-5CB60B93560D}"
EndProject
Global
	GlobalSection(SolutionConfigurationPlatforms) = preSolution
		Debug|Any CPU = Debug|Any CPU
		Release|Any CPU = Release|Any CPU
	EndGlobalSection
	GlobalSection(ProjectConfigurationPlatforms) = postSolution
		{5A159C2E-430E-42A1-84C8-992BD3E3CD06}.Debug|Any CPU.ActiveCfg = Debug|Any CPU
		{5A159C2E-430E-42A1-84C8-992BD3E3CD06}.Debug|Any CPU.Build.0 = Debug|Any CPU
		{5A159C2E-430E-42A1-84C8-992BD3E3CD06}.Release|Any CPU.ActiveCfg = Release|Any CPU
		{5A159C2E-430E-42A1-84C8-992BD3E3CD06}.Release|Any CPU.Build.0 = Release|Any CPU
		{A04EFB61-A5E6-4E55-B7E8-5CB60B93560D}.Debug|Any CPU.ActiveCfg = Debug|Any CPU
		{A04EFB61-A5E6-4E55-B7E8-5CB60B93560D}.Debug|Any CPU.Build.0 = Debug|Any CPU
		{A04EFB61-A5E6-4E55-B7E8-5CB60B93560D}.Release|Any CPU.ActiveCfg = Release|Any CPU
		{A04EFB61-A5E6-4E55-B7E8-5CB60B93560D}.Release|Any CPU.Build.0 = Release|Any CPU
	EndGlobalSection
	GlobalSection(SolutionProperties) = preSolution
		HideSolutionNode = FALSE
	EndGlobalSection
	GlobalSection(ExtensibilityGlobals) = postSolution
		SolutionGuid = {A46B8C5A-A865-4433-BC9F-D76B66F87E95}
	EndGlobalSection
EndGlobal
